// !$*UTF8*$!
{
	archiveVersion = 1;
	classes = {
	};
	objectVersion = 50;
	objects = {

/* Begin PBXBuildFile section */
		246E579E218B713200C7C700 /* AppDelegate.swift in Sources */ = {isa = PBXBuildFile; fileRef = 246E579D218B713200C7C700 /* AppDelegate.swift */; };
		246E57A0218B713200C7C700 /* ViewController.swift in Sources */ = {isa = PBXBuildFile; fileRef = 246E579F218B713200C7C700 /* ViewController.swift */; };
		246E57A3218B713200C7C700 /* Main.storyboard in Resources */ = {isa = PBXBuildFile; fileRef = 246E57A1218B713200C7C700 /* Main.storyboard */; };
		246E57A5218B713300C7C700 /* Assets.xcassets in Resources */ = {isa = PBXBuildFile; fileRef = 246E57A4218B713300C7C700 /* Assets.xcassets */; };
		246E57A8218B713300C7C700 /* LaunchScreen.storyboard in Resources */ = {isa = PBXBuildFile; fileRef = 246E57A6218B713300C7C700 /* LaunchScreen.storyboard */; };
		246E57B3218B713300C7C700 /* iFlexTests.swift in Sources */ = {isa = PBXBuildFile; fileRef = 246E57B2218B713300C7C700 /* iFlexTests.swift */; };
		246E57BE218B713300C7C700 /* iFlexUITests.swift in Sources */ = {isa = PBXBuildFile; fileRef = 246E57BD218B713300C7C700 /* iFlexUITests.swift */; };
		246E57CC218B73C300C7C700 /* Exercise.swift in Sources */ = {isa = PBXBuildFile; fileRef = 246E57CB218B73C300C7C700 /* Exercise.swift */; };
		246E57CE218B744300C7C700 /* Workout.swift in Sources */ = {isa = PBXBuildFile; fileRef = 246E57CD218B744300C7C700 /* Workout.swift */; };
		246E57D0218BCC5700C7C700 /* WorkoutDetailViewController.swift in Sources */ = {isa = PBXBuildFile; fileRef = 246E57CF218BCC5700C7C700 /* WorkoutDetailViewController.swift */; };
		246E57D2218BCC6700C7C700 /* ExerciseDetailViewController.swift in Sources */ = {isa = PBXBuildFile; fileRef = 246E57D1218BCC6700C7C700 /* ExerciseDetailViewController.swift */; };
		246E57D4218BCE1A00C7C700 /* CreateNewWorkoutViewController.swift in Sources */ = {isa = PBXBuildFile; fileRef = 246E57D3218BCE1A00C7C700 /* CreateNewWorkoutViewController.swift */; };
		246E57D6218BCE2D00C7C700 /* ExerciseListViewController.swift in Sources */ = {isa = PBXBuildFile; fileRef = 246E57D5218BCE2D00C7C700 /* ExerciseListViewController.swift */; };
		247F835B21A3BFFE00993723 /* browseNowScreen.swift in Sources */ = {isa = PBXBuildFile; fileRef = 247F835A21A3BFFE00993723 /* browseNowScreen.swift */; };
		247F835D21A3C01000993723 /* User.swift in Sources */ = {isa = PBXBuildFile; fileRef = 247F835C21A3C00F00993723 /* User.swift */; };
		247F835F21A3C01300993723 /* profIleScreen.swift in Sources */ = {isa = PBXBuildFile; fileRef = 247F835E21A3C01300993723 /* profIleScreen.swift */; };
		247F836121A3C04A00993723 /* exerciseScreen.swift in Sources */ = {isa = PBXBuildFile; fileRef = 247F836021A3C04A00993723 /* exerciseScreen.swift */; };
		247F836321A3C05700993723 /* favoritesScreen.swift in Sources */ = {isa = PBXBuildFile; fileRef = 247F836221A3C05700993723 /* favoritesScreen.swift */; };
		247F836521A3C06000993723 /* LocalDataFunctions.swift in Sources */ = {isa = PBXBuildFile; fileRef = 247F836421A3C06000993723 /* LocalDataFunctions.swift */; };
		247F836721A3C07900993723 /* loginScreen.swift in Sources */ = {isa = PBXBuildFile; fileRef = 247F836621A3C07900993723 /* loginScreen.swift */; };
		247F836921A3C08800993723 /* newUserScreen.swift in Sources */ = {isa = PBXBuildFile; fileRef = 247F836821A3C08700993723 /* newUserScreen.swift */; };
		247F836B21A3C09100993723 /* pickYourWorkoutScreen.swift in Sources */ = {isa = PBXBuildFile; fileRef = 247F836A21A3C09000993723 /* pickYourWorkoutScreen.swift */; };
		247F836D21A3C0A800993723 /* workoutScreen.swift in Sources */ = {isa = PBXBuildFile; fileRef = 247F836C21A3C0A800993723 /* workoutScreen.swift */; };
		247F836F21A3C0AE00993723 /* yourExercisesScreen.swift in Sources */ = {isa = PBXBuildFile; fileRef = 247F836E21A3C0AE00993723 /* yourExercisesScreen.swift */; };
		24963ABD219769C400E3E35B /* Favorites.plist in Resources */ = {isa = PBXBuildFile; fileRef = 24963ABC219769C400E3E35B /* Favorites.plist */; };
		655477D18D226067E4721A93 /* Pods_iFlexTests.framework in Frameworks */ = {isa = PBXBuildFile; fileRef = 8BBEA12990E390252E179706 /* Pods_iFlexTests.framework */; };
		68F3AABA21A39E9100DF1B05 /* GoogleService-Info.plist in Resources */ = {isa = PBXBuildFile; fileRef = 68F3AAB921A39E9100DF1B05 /* GoogleService-Info.plist */; };
		68F3AABB21A39E9100DF1B05 /* GoogleService-Info.plist in Resources */ = {isa = PBXBuildFile; fileRef = 68F3AAB921A39E9100DF1B05 /* GoogleService-Info.plist */; };
		68F3AABC21A39E9100DF1B05 /* GoogleService-Info.plist in Resources */ = {isa = PBXBuildFile; fileRef = 68F3AAB921A39E9100DF1B05 /* GoogleService-Info.plist */; };
		864FC06002254ECF692A4E1E /* Pods_iFlexUITests.framework in Frameworks */ = {isa = PBXBuildFile; fileRef = D6661CD2661D1B3746FE9904 /* Pods_iFlexUITests.framework */; };
		EA0456F5631FD07E17FE7BB6 /* Pods_iFlex.framework in Frameworks */ = {isa = PBXBuildFile; fileRef = 67FC1779EEBD69B569E1C07F /* Pods_iFlex.framework */; };
/* End PBXBuildFile section */

/* Begin PBXContainerItemProxy section */
		246E57AF218B713300C7C700 /* PBXContainerItemProxy */ = {
			isa = PBXContainerItemProxy;
			containerPortal = 246E5792218B713200C7C700 /* Project object */;
			proxyType = 1;
			remoteGlobalIDString = 246E5799218B713200C7C700;
			remoteInfo = iFlex;
		};
		246E57BA218B713300C7C700 /* PBXContainerItemProxy */ = {
			isa = PBXContainerItemProxy;
			containerPortal = 246E5792218B713200C7C700 /* Project object */;
			proxyType = 1;
			remoteGlobalIDString = 246E5799218B713200C7C700;
			remoteInfo = iFlex;
		};
/* End PBXContainerItemProxy section */

/* Begin PBXFileReference section */
		2090C09EE0B6F455E54DEF46 /* Pods-iFlex.release.xcconfig */ = {isa = PBXFileReference; includeInIndex = 1; lastKnownFileType = text.xcconfig; name = "Pods-iFlex.release.xcconfig"; path = "Pods/Target Support Files/Pods-iFlex/Pods-iFlex.release.xcconfig"; sourceTree = "<group>"; };
		21C79343079346B80F7E6FE8 /* Pods-iFlexUITests.debug.xcconfig */ = {isa = PBXFileReference; includeInIndex = 1; lastKnownFileType = text.xcconfig; name = "Pods-iFlexUITests.debug.xcconfig"; path = "Pods/Target Support Files/Pods-iFlexUITests/Pods-iFlexUITests.debug.xcconfig"; sourceTree = "<group>"; };
		246E579A218B713200C7C700 /* iFlex.app */ = {isa = PBXFileReference; explicitFileType = wrapper.application; includeInIndex = 0; path = iFlex.app; sourceTree = BUILT_PRODUCTS_DIR; };
		246E579D218B713200C7C700 /* AppDelegate.swift */ = {isa = PBXFileReference; lastKnownFileType = sourcecode.swift; path = AppDelegate.swift; sourceTree = "<group>"; };
		246E579F218B713200C7C700 /* ViewController.swift */ = {isa = PBXFileReference; lastKnownFileType = sourcecode.swift; path = ViewController.swift; sourceTree = "<group>"; };
		246E57A2218B713200C7C700 /* Base */ = {isa = PBXFileReference; lastKnownFileType = file.storyboard; name = Base; path = Base.lproj/Main.storyboard; sourceTree = "<group>"; };
		246E57A4218B713300C7C700 /* Assets.xcassets */ = {isa = PBXFileReference; lastKnownFileType = folder.assetcatalog; path = Assets.xcassets; sourceTree = "<group>"; };
		246E57A7218B713300C7C700 /* Base */ = {isa = PBXFileReference; lastKnownFileType = file.storyboard; name = Base; path = Base.lproj/LaunchScreen.storyboard; sourceTree = "<group>"; };
		246E57A9218B713300C7C700 /* Info.plist */ = {isa = PBXFileReference; lastKnownFileType = text.plist.xml; path = Info.plist; sourceTree = "<group>"; };
		246E57AE218B713300C7C700 /* iFlexTests.xctest */ = {isa = PBXFileReference; explicitFileType = wrapper.cfbundle; includeInIndex = 0; path = iFlexTests.xctest; sourceTree = BUILT_PRODUCTS_DIR; };
		246E57B2218B713300C7C700 /* iFlexTests.swift */ = {isa = PBXFileReference; lastKnownFileType = sourcecode.swift; path = iFlexTests.swift; sourceTree = "<group>"; };
		246E57B4218B713300C7C700 /* Info.plist */ = {isa = PBXFileReference; lastKnownFileType = text.plist.xml; path = Info.plist; sourceTree = "<group>"; };
		246E57B9218B713300C7C700 /* iFlexUITests.xctest */ = {isa = PBXFileReference; explicitFileType = wrapper.cfbundle; includeInIndex = 0; path = iFlexUITests.xctest; sourceTree = BUILT_PRODUCTS_DIR; };
		246E57BD218B713300C7C700 /* iFlexUITests.swift */ = {isa = PBXFileReference; lastKnownFileType = sourcecode.swift; path = iFlexUITests.swift; sourceTree = "<group>"; };
		246E57BF218B713300C7C700 /* Info.plist */ = {isa = PBXFileReference; lastKnownFileType = text.plist.xml; path = Info.plist; sourceTree = "<group>"; };
		246E57CB218B73C300C7C700 /* Exercise.swift */ = {isa = PBXFileReference; lastKnownFileType = sourcecode.swift; path = Exercise.swift; sourceTree = "<group>"; };
		246E57CD218B744300C7C700 /* Workout.swift */ = {isa = PBXFileReference; lastKnownFileType = sourcecode.swift; path = Workout.swift; sourceTree = "<group>"; };
		246E57CF218BCC5700C7C700 /* WorkoutDetailViewController.swift */ = {isa = PBXFileReference; lastKnownFileType = sourcecode.swift; path = WorkoutDetailViewController.swift; sourceTree = "<group>"; };
		246E57D1218BCC6700C7C700 /* ExerciseDetailViewController.swift */ = {isa = PBXFileReference; lastKnownFileType = sourcecode.swift; path = ExerciseDetailViewController.swift; sourceTree = "<group>"; };
		246E57D3218BCE1A00C7C700 /* CreateNewWorkoutViewController.swift */ = {isa = PBXFileReference; lastKnownFileType = sourcecode.swift; path = CreateNewWorkoutViewController.swift; sourceTree = "<group>"; };
		246E57D5218BCE2D00C7C700 /* ExerciseListViewController.swift */ = {isa = PBXFileReference; lastKnownFileType = sourcecode.swift; path = ExerciseListViewController.swift; sourceTree = "<group>"; };
		247F835A21A3BFFE00993723 /* browseNowScreen.swift */ = {isa = PBXFileReference; fileEncoding = 4; lastKnownFileType = sourcecode.swift; path = browseNowScreen.swift; sourceTree = "<group>"; };
		247F835C21A3C00F00993723 /* User.swift */ = {isa = PBXFileReference; fileEncoding = 4; lastKnownFileType = sourcecode.swift; path = User.swift; sourceTree = "<group>"; };
		247F835E21A3C01300993723 /* profIleScreen.swift */ = {isa = PBXFileReference; fileEncoding = 4; lastKnownFileType = sourcecode.swift; path = profIleScreen.swift; sourceTree = "<group>"; };
		247F836021A3C04A00993723 /* exerciseScreen.swift */ = {isa = PBXFileReference; fileEncoding = 4; lastKnownFileType = sourcecode.swift; path = exerciseScreen.swift; sourceTree = "<group>"; };
		247F836221A3C05700993723 /* favoritesScreen.swift */ = {isa = PBXFileReference; fileEncoding = 4; lastKnownFileType = sourcecode.swift; path = favoritesScreen.swift; sourceTree = "<group>"; };
		247F836421A3C06000993723 /* LocalDataFunctions.swift */ = {isa = PBXFileReference; fileEncoding = 4; lastKnownFileType = sourcecode.swift; path = LocalDataFunctions.swift; sourceTree = "<group>"; };
		247F836621A3C07900993723 /* loginScreen.swift */ = {isa = PBXFileReference; fileEncoding = 4; lastKnownFileType = sourcecode.swift; path = loginScreen.swift; sourceTree = "<group>"; };
		247F836821A3C08700993723 /* newUserScreen.swift */ = {isa = PBXFileReference; fileEncoding = 4; lastKnownFileType = sourcecode.swift; path = newUserScreen.swift; sourceTree = "<group>"; };
		247F836A21A3C09000993723 /* pickYourWorkoutScreen.swift */ = {isa = PBXFileReference; fileEncoding = 4; lastKnownFileType = sourcecode.swift; path = pickYourWorkoutScreen.swift; sourceTree = "<group>"; };
		247F836C21A3C0A800993723 /* workoutScreen.swift */ = {isa = PBXFileReference; fileEncoding = 4; lastKnownFileType = sourcecode.swift; path = workoutScreen.swift; sourceTree = "<group>"; };
		247F836E21A3C0AE00993723 /* yourExercisesScreen.swift */ = {isa = PBXFileReference; fileEncoding = 4; lastKnownFileType = sourcecode.swift; path = yourExercisesScreen.swift; sourceTree = "<group>"; };
		24963ABC219769C400E3E35B /* Favorites.plist */ = {isa = PBXFileReference; lastKnownFileType = text.plist.xml; path = Favorites.plist; sourceTree = "<group>"; };
		67FC1779EEBD69B569E1C07F /* Pods_iFlex.framework */ = {isa = PBXFileReference; explicitFileType = wrapper.framework; includeInIndex = 0; path = Pods_iFlex.framework; sourceTree = BUILT_PRODUCTS_DIR; };
		68F3AAB921A39E9100DF1B05 /* GoogleService-Info.plist */ = {isa = PBXFileReference; fileEncoding = 4; lastKnownFileType = text.plist.xml; path = "GoogleService-Info.plist"; sourceTree = "<group>"; };
		7E1DDAD495E68E7202E280A2 /* Pods-iFlexUITests.release.xcconfig */ = {isa = PBXFileReference; includeInIndex = 1; lastKnownFileType = text.xcconfig; name = "Pods-iFlexUITests.release.xcconfig"; path = "Pods/Target Support Files/Pods-iFlexUITests/Pods-iFlexUITests.release.xcconfig"; sourceTree = "<group>"; };
		8BBEA12990E390252E179706 /* Pods_iFlexTests.framework */ = {isa = PBXFileReference; explicitFileType = wrapper.framework; includeInIndex = 0; path = Pods_iFlexTests.framework; sourceTree = BUILT_PRODUCTS_DIR; };
		AC77C82DFA6D96FC59C60B0F /* Pods-iFlex.debug.xcconfig */ = {isa = PBXFileReference; includeInIndex = 1; lastKnownFileType = text.xcconfig; name = "Pods-iFlex.debug.xcconfig"; path = "Pods/Target Support Files/Pods-iFlex/Pods-iFlex.debug.xcconfig"; sourceTree = "<group>"; };
		ADD767416970FC509AE2DFE4 /* Pods-iFlexTests.debug.xcconfig */ = {isa = PBXFileReference; includeInIndex = 1; lastKnownFileType = text.xcconfig; name = "Pods-iFlexTests.debug.xcconfig"; path = "Pods/Target Support Files/Pods-iFlexTests/Pods-iFlexTests.debug.xcconfig"; sourceTree = "<group>"; };
		C13D50ADE4E9BD8EA66D1901 /* Pods-iFlexTests.release.xcconfig */ = {isa = PBXFileReference; includeInIndex = 1; lastKnownFileType = text.xcconfig; name = "Pods-iFlexTests.release.xcconfig"; path = "Pods/Target Support Files/Pods-iFlexTests/Pods-iFlexTests.release.xcconfig"; sourceTree = "<group>"; };
		D6661CD2661D1B3746FE9904 /* Pods_iFlexUITests.framework */ = {isa = PBXFileReference; explicitFileType = wrapper.framework; includeInIndex = 0; path = Pods_iFlexUITests.framework; sourceTree = BUILT_PRODUCTS_DIR; };
/* End PBXFileReference section */

/* Begin PBXFrameworksBuildPhase section */
		246E5797218B713200C7C700 /* Frameworks */ = {
			isa = PBXFrameworksBuildPhase;
			buildActionMask = 2147483647;
			files = (
				EA0456F5631FD07E17FE7BB6 /* Pods_iFlex.framework in Frameworks */,
			);
			runOnlyForDeploymentPostprocessing = 0;
		};
		246E57AB218B713300C7C700 /* Frameworks */ = {
			isa = PBXFrameworksBuildPhase;
			buildActionMask = 2147483647;
			files = (
				655477D18D226067E4721A93 /* Pods_iFlexTests.framework in Frameworks */,
			);
			runOnlyForDeploymentPostprocessing = 0;
		};
		246E57B6218B713300C7C700 /* Frameworks */ = {
			isa = PBXFrameworksBuildPhase;
			buildActionMask = 2147483647;
			files = (
				864FC06002254ECF692A4E1E /* Pods_iFlexUITests.framework in Frameworks */,
			);
			runOnlyForDeploymentPostprocessing = 0;
		};
/* End PBXFrameworksBuildPhase section */

/* Begin PBXGroup section */
		246E5791218B713200C7C700 = {
			isa = PBXGroup;
			children = (
				246E579C218B713200C7C700 /* iFlex */,
				246E57B1218B713300C7C700 /* iFlexTests */,
				246E57BC218B713300C7C700 /* iFlexUITests */,
				246E579B218B713200C7C700 /* Products */,
				DF6F4E43793DE07D81887BE5 /* Pods */,
				9AB4282ABA58B725B4E41DDD /* Frameworks */,
			);
			sourceTree = "<group>";
		};
		246E579B218B713200C7C700 /* Products */ = {
			isa = PBXGroup;
			children = (
				246E579A218B713200C7C700 /* iFlex.app */,
				246E57AE218B713300C7C700 /* iFlexTests.xctest */,
				246E57B9218B713300C7C700 /* iFlexUITests.xctest */,
			);
			name = Products;
			sourceTree = "<group>";
		};
		246E579C218B713200C7C700 /* iFlex */ = {
			isa = PBXGroup;
			children = (
				246E579D218B713200C7C700 /* AppDelegate.swift */,
				247F835A21A3BFFE00993723 /* browseNowScreen.swift */,
				246E57D3218BCE1A00C7C700 /* CreateNewWorkoutViewController.swift */,
				246E57CB218B73C300C7C700 /* Exercise.swift */,
				246E57D1218BCC6700C7C700 /* ExerciseDetailViewController.swift */,
				246E57D5218BCE2D00C7C700 /* ExerciseListViewController.swift */,
				247F836021A3C04A00993723 /* exerciseScreen.swift */,
				24963ABC219769C400E3E35B /* Favorites.plist */,
				247F836221A3C05700993723 /* favoritesScreen.swift */,
				68F3AAB921A39E9100DF1B05 /* GoogleService-Info.plist */,
				246E57A9218B713300C7C700 /* Info.plist */,
				247F836421A3C06000993723 /* LocalDataFunctions.swift */,
				247F836621A3C07900993723 /* loginScreen.swift */,
				247F836821A3C08700993723 /* newUserScreen.swift */,
				247F836A21A3C09000993723 /* pickYourWorkoutScreen.swift */,
				247F835E21A3C01300993723 /* profIleScreen.swift */,
				247F835C21A3C00F00993723 /* User.swift */,
				246E579F218B713200C7C700 /* ViewController.swift */,
				246E57CD218B744300C7C700 /* Workout.swift */,
				246E57CF218BCC5700C7C700 /* WorkoutDetailViewController.swift */,
				247F836C21A3C0A800993723 /* workoutScreen.swift */,
				247F836E21A3C0AE00993723 /* yourExercisesScreen.swift */,
				246E57A1218B713200C7C700 /* Main.storyboard */,
				246E57A4218B713300C7C700 /* Assets.xcassets */,
				246E57A6218B713300C7C700 /* LaunchScreen.storyboard */,
			);
			path = iFlex;
			sourceTree = "<group>";
		};
		246E57B1218B713300C7C700 /* iFlexTests */ = {
			isa = PBXGroup;
			children = (
				246E57B2218B713300C7C700 /* iFlexTests.swift */,
				246E57B4218B713300C7C700 /* Info.plist */,
			);
			path = iFlexTests;
			sourceTree = "<group>";
		};
		246E57BC218B713300C7C700 /* iFlexUITests */ = {
			isa = PBXGroup;
			children = (
				246E57BD218B713300C7C700 /* iFlexUITests.swift */,
				246E57BF218B713300C7C700 /* Info.plist */,
			);
			path = iFlexUITests;
			sourceTree = "<group>";
		};
		9AB4282ABA58B725B4E41DDD /* Frameworks */ = {
			isa = PBXGroup;
			children = (
				67FC1779EEBD69B569E1C07F /* Pods_iFlex.framework */,
				8BBEA12990E390252E179706 /* Pods_iFlexTests.framework */,
				D6661CD2661D1B3746FE9904 /* Pods_iFlexUITests.framework */,
			);
			name = Frameworks;
			sourceTree = "<group>";
		};
		DF6F4E43793DE07D81887BE5 /* Pods */ = {
			isa = PBXGroup;
			children = (
				AC77C82DFA6D96FC59C60B0F /* Pods-iFlex.debug.xcconfig */,
				2090C09EE0B6F455E54DEF46 /* Pods-iFlex.release.xcconfig */,
				ADD767416970FC509AE2DFE4 /* Pods-iFlexTests.debug.xcconfig */,
				C13D50ADE4E9BD8EA66D1901 /* Pods-iFlexTests.release.xcconfig */,
				21C79343079346B80F7E6FE8 /* Pods-iFlexUITests.debug.xcconfig */,
				7E1DDAD495E68E7202E280A2 /* Pods-iFlexUITests.release.xcconfig */,
			);
			name = Pods;
			sourceTree = "<group>";
		};
/* End PBXGroup section */

/* Begin PBXNativeTarget section */
		246E5799218B713200C7C700 /* iFlex */ = {
			isa = PBXNativeTarget;
			buildConfigurationList = 246E57C2218B713300C7C700 /* Build configuration list for PBXNativeTarget "iFlex" */;
			buildPhases = (
				216DDE9DB65DD33067CC73DF /* [CP] Check Pods Manifest.lock */,
				246E5796218B713200C7C700 /* Sources */,
				246E5797218B713200C7C700 /* Frameworks */,
				246E5798218B713200C7C700 /* Resources */,
				D494241264B75A424BBF8CCD /* [CP] Embed Pods Frameworks */,
				DD5B8617A3508C55A10BCA8C /* [CP] Copy Pods Resources */,
			);
			buildRules = (
			);
			dependencies = (
			);
			name = iFlex;
			productName = iFlex;
			productReference = 246E579A218B713200C7C700 /* iFlex.app */;
			productType = "com.apple.product-type.application";
		};
		246E57AD218B713300C7C700 /* iFlexTests */ = {
			isa = PBXNativeTarget;
			buildConfigurationList = 246E57C5218B713300C7C700 /* Build configuration list for PBXNativeTarget "iFlexTests" */;
			buildPhases = (
				CED7CEDAFEA9AE5674CC950A /* [CP] Check Pods Manifest.lock */,
				246E57AA218B713300C7C700 /* Sources */,
				246E57AB218B713300C7C700 /* Frameworks */,
				246E57AC218B713300C7C700 /* Resources */,
			);
			buildRules = (
			);
			dependencies = (
				246E57B0218B713300C7C700 /* PBXTargetDependency */,
			);
			name = iFlexTests;
			productName = iFlexTests;
			productReference = 246E57AE218B713300C7C700 /* iFlexTests.xctest */;
			productType = "com.apple.product-type.bundle.unit-test";
		};
		246E57B8218B713300C7C700 /* iFlexUITests */ = {
			isa = PBXNativeTarget;
			buildConfigurationList = 246E57C8218B713300C7C700 /* Build configuration list for PBXNativeTarget "iFlexUITests" */;
			buildPhases = (
				881018B8C3E4564754A5892A /* [CP] Check Pods Manifest.lock */,
				246E57B5218B713300C7C700 /* Sources */,
				246E57B6218B713300C7C700 /* Frameworks */,
				246E57B7218B713300C7C700 /* Resources */,
			);
			buildRules = (
			);
			dependencies = (
				246E57BB218B713300C7C700 /* PBXTargetDependency */,
			);
			name = iFlexUITests;
			productName = iFlexUITests;
			productReference = 246E57B9218B713300C7C700 /* iFlexUITests.xctest */;
			productType = "com.apple.product-type.bundle.ui-testing";
		};
/* End PBXNativeTarget section */

/* Begin PBXProject section */
		246E5792218B713200C7C700 /* Project object */ = {
			isa = PBXProject;
			attributes = {
				LastSwiftUpdateCheck = 0940;
				LastUpgradeCheck = 0940;
				ORGANIZATIONNAME = "Kendra Swanson, Christina Stellwagen, Carla Beghin, Benjamin Gu";
				TargetAttributes = {
					246E5799218B713200C7C700 = {
						CreatedOnToolsVersion = 9.4;
					};
					246E57AD218B713300C7C700 = {
						CreatedOnToolsVersion = 9.4;
						TestTargetID = 246E5799218B713200C7C700;
					};
					246E57B8218B713300C7C700 = {
						CreatedOnToolsVersion = 9.4;
						TestTargetID = 246E5799218B713200C7C700;
					};
				};
			};
			buildConfigurationList = 246E5795218B713200C7C700 /* Build configuration list for PBXProject "iFlex" */;
			compatibilityVersion = "Xcode 9.3";
			developmentRegion = en;
			hasScannedForEncodings = 0;
			knownRegions = (
				en,
				Base,
			);
			mainGroup = 246E5791218B713200C7C700;
			productRefGroup = 246E579B218B713200C7C700 /* Products */;
			projectDirPath = "";
			projectRoot = "";
			targets = (
				246E5799218B713200C7C700 /* iFlex */,
				246E57AD218B713300C7C700 /* iFlexTests */,
				246E57B8218B713300C7C700 /* iFlexUITests */,
			);
		};
/* End PBXProject section */

/* Begin PBXResourcesBuildPhase section */
		246E5798218B713200C7C700 /* Resources */ = {
			isa = PBXResourcesBuildPhase;
			buildActionMask = 2147483647;
			files = (
				24963ABD219769C400E3E35B /* Favorites.plist in Resources */,
				246E57A8218B713300C7C700 /* LaunchScreen.storyboard in Resources */,
				68F3AABA21A39E9100DF1B05 /* GoogleService-Info.plist in Resources */,
				246E57A5218B713300C7C700 /* Assets.xcassets in Resources */,
				246E57A3218B713200C7C700 /* Main.storyboard in Resources */,
			);
			runOnlyForDeploymentPostprocessing = 0;
		};
		246E57AC218B713300C7C700 /* Resources */ = {
			isa = PBXResourcesBuildPhase;
			buildActionMask = 2147483647;
			files = (
				68F3AABB21A39E9100DF1B05 /* GoogleService-Info.plist in Resources */,
			);
			runOnlyForDeploymentPostprocessing = 0;
		};
		246E57B7218B713300C7C700 /* Resources */ = {
			isa = PBXResourcesBuildPhase;
			buildActionMask = 2147483647;
			files = (
				68F3AABC21A39E9100DF1B05 /* GoogleService-Info.plist in Resources */,
			);
			runOnlyForDeploymentPostprocessing = 0;
		};
/* End PBXResourcesBuildPhase section */

/* Begin PBXShellScriptBuildPhase section */
		216DDE9DB65DD33067CC73DF /* [CP] Check Pods Manifest.lock */ = {
			isa = PBXShellScriptBuildPhase;
			buildActionMask = 2147483647;
			files = (
			);
			inputPaths = (
				"${PODS_PODFILE_DIR_PATH}/Podfile.lock",
				"${PODS_ROOT}/Manifest.lock",
			);
			name = "[CP] Check Pods Manifest.lock";
			outputPaths = (
				"$(DERIVED_FILE_DIR)/Pods-iFlex-checkManifestLockResult.txt",
			);
			runOnlyForDeploymentPostprocessing = 0;
			shellPath = /bin/sh;
			shellScript = "diff \"${PODS_PODFILE_DIR_PATH}/Podfile.lock\" \"${PODS_ROOT}/Manifest.lock\" > /dev/null\nif [ $? != 0 ] ; then\n    # print error to STDERR\n    echo \"error: The sandbox is not in sync with the Podfile.lock. Run 'pod install' or update your CocoaPods installation.\" >&2\n    exit 1\nfi\n# This output is used by Xcode 'outputs' to avoid re-running this script phase.\necho \"SUCCESS\" > \"${SCRIPT_OUTPUT_FILE_0}\"\n";
			showEnvVarsInLog = 0;
		};
		881018B8C3E4564754A5892A /* [CP] Check Pods Manifest.lock */ = {
			isa = PBXShellScriptBuildPhase;
			buildActionMask = 2147483647;
			files = (
			);
			inputPaths = (
				"${PODS_PODFILE_DIR_PATH}/Podfile.lock",
				"${PODS_ROOT}/Manifest.lock",
			);
			name = "[CP] Check Pods Manifest.lock";
			outputPaths = (
				"$(DERIVED_FILE_DIR)/Pods-iFlexUITests-checkManifestLockResult.txt",
			);
			runOnlyForDeploymentPostprocessing = 0;
			shellPath = /bin/sh;
			shellScript = "diff \"${PODS_PODFILE_DIR_PATH}/Podfile.lock\" \"${PODS_ROOT}/Manifest.lock\" > /dev/null\nif [ $? != 0 ] ; then\n    # print error to STDERR\n    echo \"error: The sandbox is not in sync with the Podfile.lock. Run 'pod install' or update your CocoaPods installation.\" >&2\n    exit 1\nfi\n# This output is used by Xcode 'outputs' to avoid re-running this script phase.\necho \"SUCCESS\" > \"${SCRIPT_OUTPUT_FILE_0}\"\n";
			showEnvVarsInLog = 0;
		};
		CED7CEDAFEA9AE5674CC950A /* [CP] Check Pods Manifest.lock */ = {
			isa = PBXShellScriptBuildPhase;
			buildActionMask = 2147483647;
			files = (
			);
			inputPaths = (
				"${PODS_PODFILE_DIR_PATH}/Podfile.lock",
				"${PODS_ROOT}/Manifest.lock",
			);
			name = "[CP] Check Pods Manifest.lock";
			outputPaths = (
				"$(DERIVED_FILE_DIR)/Pods-iFlexTests-checkManifestLockResult.txt",
			);
			runOnlyForDeploymentPostprocessing = 0;
			shellPath = /bin/sh;
			shellScript = "diff \"${PODS_PODFILE_DIR_PATH}/Podfile.lock\" \"${PODS_ROOT}/Manifest.lock\" > /dev/null\nif [ $? != 0 ] ; then\n    # print error to STDERR\n    echo \"error: The sandbox is not in sync with the Podfile.lock. Run 'pod install' or update your CocoaPods installation.\" >&2\n    exit 1\nfi\n# This output is used by Xcode 'outputs' to avoid re-running this script phase.\necho \"SUCCESS\" > \"${SCRIPT_OUTPUT_FILE_0}\"\n";
			showEnvVarsInLog = 0;
		};
		D494241264B75A424BBF8CCD /* [CP] Embed Pods Frameworks */ = {
			isa = PBXShellScriptBuildPhase;
			buildActionMask = 2147483647;
			files = (
			);
			inputPaths = (
				"${SRCROOT}/Pods/Target Support Files/Pods-iFlex/Pods-iFlex-frameworks.sh",
				"${BUILT_PRODUCTS_DIR}/Bolts/Bolts.framework",
				"${BUILT_PRODUCTS_DIR}/BoringSSL/openssl.framework",
				"${BUILT_PRODUCTS_DIR}/FBSDKCoreKit/FBSDKCoreKit.framework",
				"${BUILT_PRODUCTS_DIR}/FBSDKLoginKit/FBSDKLoginKit.framework",
				"${BUILT_PRODUCTS_DIR}/GTMOAuth2/GTMOAuth2.framework",
				"${BUILT_PRODUCTS_DIR}/GTMSessionFetcher/GTMSessionFetcher.framework",
				"${BUILT_PRODUCTS_DIR}/GoogleToolboxForMac/GoogleToolboxForMac.framework",
				"${BUILT_PRODUCTS_DIR}/GoogleUtilities/GoogleUtilities.framework",
				"${BUILT_PRODUCTS_DIR}/Protobuf/Protobuf.framework",
				"${BUILT_PRODUCTS_DIR}/SDWebImage/SDWebImage.framework",
				"${PODS_ROOT}/TwitterCore/iOS/TwitterCore.framework",
				"${PODS_ROOT}/TwitterKit/iOS/TwitterKit.framework",
				"${BUILT_PRODUCTS_DIR}/gRPC/GRPCClient.framework",
				"${BUILT_PRODUCTS_DIR}/gRPC-C++/grpcpp.framework",
				"${BUILT_PRODUCTS_DIR}/gRPC-Core/grpc.framework",
				"${BUILT_PRODUCTS_DIR}/gRPC-ProtoRPC/ProtoRPC.framework",
				"${BUILT_PRODUCTS_DIR}/gRPC-RxLibrary/RxLibrary.framework",
				"${BUILT_PRODUCTS_DIR}/leveldb-library/leveldb.framework",
				"${BUILT_PRODUCTS_DIR}/nanopb/nanopb.framework",
			);
			name = "[CP] Embed Pods Frameworks";
			outputPaths = (
				"${TARGET_BUILD_DIR}/${FRAMEWORKS_FOLDER_PATH}/Bolts.framework",
				"${TARGET_BUILD_DIR}/${FRAMEWORKS_FOLDER_PATH}/openssl.framework",
				"${TARGET_BUILD_DIR}/${FRAMEWORKS_FOLDER_PATH}/FBSDKCoreKit.framework",
				"${TARGET_BUILD_DIR}/${FRAMEWORKS_FOLDER_PATH}/FBSDKLoginKit.framework",
				"${TARGET_BUILD_DIR}/${FRAMEWORKS_FOLDER_PATH}/GTMOAuth2.framework",
				"${TARGET_BUILD_DIR}/${FRAMEWORKS_FOLDER_PATH}/GTMSessionFetcher.framework",
				"${TARGET_BUILD_DIR}/${FRAMEWORKS_FOLDER_PATH}/GoogleToolboxForMac.framework",
				"${TARGET_BUILD_DIR}/${FRAMEWORKS_FOLDER_PATH}/GoogleUtilities.framework",
				"${TARGET_BUILD_DIR}/${FRAMEWORKS_FOLDER_PATH}/Protobuf.framework",
				"${TARGET_BUILD_DIR}/${FRAMEWORKS_FOLDER_PATH}/SDWebImage.framework",
				"${TARGET_BUILD_DIR}/${FRAMEWORKS_FOLDER_PATH}/TwitterCore.framework",
				"${TARGET_BUILD_DIR}/${FRAMEWORKS_FOLDER_PATH}/TwitterKit.framework",
				"${TARGET_BUILD_DIR}/${FRAMEWORKS_FOLDER_PATH}/GRPCClient.framework",
				"${TARGET_BUILD_DIR}/${FRAMEWORKS_FOLDER_PATH}/grpcpp.framework",
				"${TARGET_BUILD_DIR}/${FRAMEWORKS_FOLDER_PATH}/grpc.framework",
				"${TARGET_BUILD_DIR}/${FRAMEWORKS_FOLDER_PATH}/ProtoRPC.framework",
				"${TARGET_BUILD_DIR}/${FRAMEWORKS_FOLDER_PATH}/RxLibrary.framework",
				"${TARGET_BUILD_DIR}/${FRAMEWORKS_FOLDER_PATH}/leveldb.framework",
				"${TARGET_BUILD_DIR}/${FRAMEWORKS_FOLDER_PATH}/nanopb.framework",
			);
			runOnlyForDeploymentPostprocessing = 0;
			shellPath = /bin/sh;
			shellScript = "\"${SRCROOT}/Pods/Target Support Files/Pods-iFlex/Pods-iFlex-frameworks.sh\"\n";
			showEnvVarsInLog = 0;
		};
		DD5B8617A3508C55A10BCA8C /* [CP] Copy Pods Resources */ = {
			isa = PBXShellScriptBuildPhase;
			buildActionMask = 2147483647;
			files = (
			);
			inputPaths = (
				"${SRCROOT}/Pods/Target Support Files/Pods-iFlex/Pods-iFlex-resources.sh",
				"${PODS_CONFIGURATION_BUILD_DIR}/FirebaseUI/FirebaseAnonymousAuthUI.bundle",
				"${PODS_CONFIGURATION_BUILD_DIR}/FirebaseUI/FirebaseAuthUI.bundle",
				"${PODS_CONFIGURATION_BUILD_DIR}/FirebaseUI/FirebaseFacebookAuthUI.bundle",
				"${PODS_CONFIGURATION_BUILD_DIR}/FirebaseUI/FirebaseGoogleAuthUI.bundle",
				"${PODS_CONFIGURATION_BUILD_DIR}/FirebaseUI/FirebasePhoneAuthUI.bundle",
				"${PODS_CONFIGURATION_BUILD_DIR}/FirebaseUI/FirebaseTwitterAuthUI.bundle",
				"${PODS_ROOT}/GoogleSignIn/Resources/GoogleSignIn.bundle",
				"${PODS_ROOT}/TwitterKit/iOS/TwitterKit.framework/TwitterKitResources.bundle",
			);
			name = "[CP] Copy Pods Resources";
			outputPaths = (
				"${TARGET_BUILD_DIR}/${UNLOCALIZED_RESOURCES_FOLDER_PATH}/FirebaseAnonymousAuthUI.bundle",
				"${TARGET_BUILD_DIR}/${UNLOCALIZED_RESOURCES_FOLDER_PATH}/FirebaseAuthUI.bundle",
				"${TARGET_BUILD_DIR}/${UNLOCALIZED_RESOURCES_FOLDER_PATH}/FirebaseFacebookAuthUI.bundle",
				"${TARGET_BUILD_DIR}/${UNLOCALIZED_RESOURCES_FOLDER_PATH}/FirebaseGoogleAuthUI.bundle",
				"${TARGET_BUILD_DIR}/${UNLOCALIZED_RESOURCES_FOLDER_PATH}/FirebasePhoneAuthUI.bundle",
				"${TARGET_BUILD_DIR}/${UNLOCALIZED_RESOURCES_FOLDER_PATH}/FirebaseTwitterAuthUI.bundle",
				"${TARGET_BUILD_DIR}/${UNLOCALIZED_RESOURCES_FOLDER_PATH}/GoogleSignIn.bundle",
				"${TARGET_BUILD_DIR}/${UNLOCALIZED_RESOURCES_FOLDER_PATH}/TwitterKitResources.bundle",
			);
			runOnlyForDeploymentPostprocessing = 0;
			shellPath = /bin/sh;
			shellScript = "\"${SRCROOT}/Pods/Target Support Files/Pods-iFlex/Pods-iFlex-resources.sh\"\n";
			showEnvVarsInLog = 0;
		};
/* End PBXShellScriptBuildPhase section */

/* Begin PBXSourcesBuildPhase section */
		246E5796218B713200C7C700 /* Sources */ = {
			isa = PBXSourcesBuildPhase;
			buildActionMask = 2147483647;
			files = (
				246E57D0218BCC5700C7C700 /* WorkoutDetailViewController.swift in Sources */,
				247F836D21A3C0A800993723 /* workoutScreen.swift in Sources */,
				246E57D4218BCE1A00C7C700 /* CreateNewWorkoutViewController.swift in Sources */,
				247F835B21A3BFFE00993723 /* browseNowScreen.swift in Sources */,
				247F836F21A3C0AE00993723 /* yourExercisesScreen.swift in Sources */,
				246E57A0218B713200C7C700 /* ViewController.swift in Sources */,
				246E579E218B713200C7C700 /* AppDelegate.swift in Sources */,
				247F835F21A3C01300993723 /* profIleScreen.swift in Sources */,
				246E57D6218BCE2D00C7C700 /* ExerciseListViewController.swift in Sources */,
				247F836921A3C08800993723 /* newUserScreen.swift in Sources */,
				247F836321A3C05700993723 /* favoritesScreen.swift in Sources */,
				247F836121A3C04A00993723 /* exerciseScreen.swift in Sources */,
				247F836721A3C07900993723 /* loginScreen.swift in Sources */,
				246E57CC218B73C300C7C700 /* Exercise.swift in Sources */,
				246E57CE218B744300C7C700 /* Workout.swift in Sources */,
				247F835D21A3C01000993723 /* User.swift in Sources */,
				247F836B21A3C09100993723 /* pickYourWorkoutScreen.swift in Sources */,
				246E57D2218BCC6700C7C700 /* ExerciseDetailViewController.swift in Sources */,
				247F836521A3C06000993723 /* LocalDataFunctions.swift in Sources */,
			);
			runOnlyForDeploymentPostprocessing = 0;
		};
		246E57AA218B713300C7C700 /* Sources */ = {
			isa = PBXSourcesBuildPhase;
			buildActionMask = 2147483647;
			files = (
				246E57B3218B713300C7C700 /* iFlexTests.swift in Sources */,
			);
			runOnlyForDeploymentPostprocessing = 0;
		};
		246E57B5218B713300C7C700 /* Sources */ = {
			isa = PBXSourcesBuildPhase;
			buildActionMask = 2147483647;
			files = (
				246E57BE218B713300C7C700 /* iFlexUITests.swift in Sources */,
			);
			runOnlyForDeploymentPostprocessing = 0;
		};
/* End PBXSourcesBuildPhase section */

/* Begin PBXTargetDependency section */
		246E57B0218B713300C7C700 /* PBXTargetDependency */ = {
			isa = PBXTargetDependency;
			target = 246E5799218B713200C7C700 /* iFlex */;
			targetProxy = 246E57AF218B713300C7C700 /* PBXContainerItemProxy */;
		};
		246E57BB218B713300C7C700 /* PBXTargetDependency */ = {
			isa = PBXTargetDependency;
			target = 246E5799218B713200C7C700 /* iFlex */;
			targetProxy = 246E57BA218B713300C7C700 /* PBXContainerItemProxy */;
		};
/* End PBXTargetDependency section */

/* Begin PBXVariantGroup section */
		246E57A1218B713200C7C700 /* Main.storyboard */ = {
			isa = PBXVariantGroup;
			children = (
				246E57A2218B713200C7C700 /* Base */,
			);
			name = Main.storyboard;
			sourceTree = "<group>";
		};
		246E57A6218B713300C7C700 /* LaunchScreen.storyboard */ = {
			isa = PBXVariantGroup;
			children = (
				246E57A7218B713300C7C700 /* Base */,
			);
			name = LaunchScreen.storyboard;
			sourceTree = "<group>";
		};
/* End PBXVariantGroup section */

/* Begin XCBuildConfiguration section */
		246E57C0218B713300C7C700 /* Debug */ = {
			isa = XCBuildConfiguration;
			buildSettings = {
				ALWAYS_SEARCH_USER_PATHS = NO;
				CLANG_ANALYZER_NONNULL = YES;
				CLANG_ANALYZER_NUMBER_OBJECT_CONVERSION = YES_AGGRESSIVE;
				CLANG_CXX_LANGUAGE_STANDARD = "gnu++14";
				CLANG_CXX_LIBRARY = "libc++";
				CLANG_ENABLE_MODULES = YES;
				CLANG_ENABLE_OBJC_ARC = YES;
				CLANG_ENABLE_OBJC_WEAK = YES;
				CLANG_WARN_BLOCK_CAPTURE_AUTORELEASING = YES;
				CLANG_WARN_BOOL_CONVERSION = YES;
				CLANG_WARN_COMMA = YES;
				CLANG_WARN_CONSTANT_CONVERSION = YES;
				CLANG_WARN_DEPRECATED_OBJC_IMPLEMENTATIONS = YES;
				CLANG_WARN_DIRECT_OBJC_ISA_USAGE = YES_ERROR;
				CLANG_WARN_DOCUMENTATION_COMMENTS = YES;
				CLANG_WARN_EMPTY_BODY = YES;
				CLANG_WARN_ENUM_CONVERSION = YES;
				CLANG_WARN_INFINITE_RECURSION = YES;
				CLANG_WARN_INT_CONVERSION = YES;
				CLANG_WARN_NON_LITERAL_NULL_CONVERSION = YES;
				CLANG_WARN_OBJC_IMPLICIT_RETAIN_SELF = YES;
				CLANG_WARN_OBJC_LITERAL_CONVERSION = YES;
				CLANG_WARN_OBJC_ROOT_CLASS = YES_ERROR;
				CLANG_WARN_RANGE_LOOP_ANALYSIS = YES;
				CLANG_WARN_STRICT_PROTOTYPES = YES;
				CLANG_WARN_SUSPICIOUS_MOVE = YES;
				CLANG_WARN_UNGUARDED_AVAILABILITY = YES_AGGRESSIVE;
				CLANG_WARN_UNREACHABLE_CODE = YES;
				CLANG_WARN__DUPLICATE_METHOD_MATCH = YES;
				CODE_SIGN_IDENTITY = "iPhone Developer";
				COPY_PHASE_STRIP = NO;
				DEBUG_INFORMATION_FORMAT = dwarf;
				ENABLE_STRICT_OBJC_MSGSEND = YES;
				ENABLE_TESTABILITY = YES;
				GCC_C_LANGUAGE_STANDARD = gnu11;
				GCC_DYNAMIC_NO_PIC = NO;
				GCC_NO_COMMON_BLOCKS = YES;
				GCC_OPTIMIZATION_LEVEL = 0;
				GCC_PREPROCESSOR_DEFINITIONS = (
					"DEBUG=1",
					"$(inherited)",
				);
				GCC_WARN_64_TO_32_BIT_CONVERSION = YES;
				GCC_WARN_ABOUT_RETURN_TYPE = YES_ERROR;
				GCC_WARN_UNDECLARED_SELECTOR = YES;
				GCC_WARN_UNINITIALIZED_AUTOS = YES_AGGRESSIVE;
				GCC_WARN_UNUSED_FUNCTION = YES;
				GCC_WARN_UNUSED_VARIABLE = YES;
				IPHONEOS_DEPLOYMENT_TARGET = 11.4;
				MTL_ENABLE_DEBUG_INFO = YES;
				ONLY_ACTIVE_ARCH = YES;
				SDKROOT = iphoneos;
				SWIFT_ACTIVE_COMPILATION_CONDITIONS = DEBUG;
				SWIFT_OPTIMIZATION_LEVEL = "-Onone";
			};
			name = Debug;
		};
		246E57C1218B713300C7C700 /* Release */ = {
			isa = XCBuildConfiguration;
			buildSettings = {
				ALWAYS_SEARCH_USER_PATHS = NO;
				CLANG_ANALYZER_NONNULL = YES;
				CLANG_ANALYZER_NUMBER_OBJECT_CONVERSION = YES_AGGRESSIVE;
				CLANG_CXX_LANGUAGE_STANDARD = "gnu++14";
				CLANG_CXX_LIBRARY = "libc++";
				CLANG_ENABLE_MODULES = YES;
				CLANG_ENABLE_OBJC_ARC = YES;
				CLANG_ENABLE_OBJC_WEAK = YES;
				CLANG_WARN_BLOCK_CAPTURE_AUTORELEASING = YES;
				CLANG_WARN_BOOL_CONVERSION = YES;
				CLANG_WARN_COMMA = YES;
				CLANG_WARN_CONSTANT_CONVERSION = YES;
				CLANG_WARN_DEPRECATED_OBJC_IMPLEMENTATIONS = YES;
				CLANG_WARN_DIRECT_OBJC_ISA_USAGE = YES_ERROR;
				CLANG_WARN_DOCUMENTATION_COMMENTS = YES;
				CLANG_WARN_EMPTY_BODY = YES;
				CLANG_WARN_ENUM_CONVERSION = YES;
				CLANG_WARN_INFINITE_RECURSION = YES;
				CLANG_WARN_INT_CONVERSION = YES;
				CLANG_WARN_NON_LITERAL_NULL_CONVERSION = YES;
				CLANG_WARN_OBJC_IMPLICIT_RETAIN_SELF = YES;
				CLANG_WARN_OBJC_LITERAL_CONVERSION = YES;
				CLANG_WARN_OBJC_ROOT_CLASS = YES_ERROR;
				CLANG_WARN_RANGE_LOOP_ANALYSIS = YES;
				CLANG_WARN_STRICT_PROTOTYPES = YES;
				CLANG_WARN_SUSPICIOUS_MOVE = YES;
				CLANG_WARN_UNGUARDED_AVAILABILITY = YES_AGGRESSIVE;
				CLANG_WARN_UNREACHABLE_CODE = YES;
				CLANG_WARN__DUPLICATE_METHOD_MATCH = YES;
				CODE_SIGN_IDENTITY = "iPhone Developer";
				COPY_PHASE_STRIP = NO;
				DEBUG_INFORMATION_FORMAT = "dwarf-with-dsym";
				ENABLE_NS_ASSERTIONS = NO;
				ENABLE_STRICT_OBJC_MSGSEND = YES;
				GCC_C_LANGUAGE_STANDARD = gnu11;
				GCC_NO_COMMON_BLOCKS = YES;
				GCC_WARN_64_TO_32_BIT_CONVERSION = YES;
				GCC_WARN_ABOUT_RETURN_TYPE = YES_ERROR;
				GCC_WARN_UNDECLARED_SELECTOR = YES;
				GCC_WARN_UNINITIALIZED_AUTOS = YES_AGGRESSIVE;
				GCC_WARN_UNUSED_FUNCTION = YES;
				GCC_WARN_UNUSED_VARIABLE = YES;
				IPHONEOS_DEPLOYMENT_TARGET = 11.4;
				MTL_ENABLE_DEBUG_INFO = NO;
				SDKROOT = iphoneos;
				SWIFT_COMPILATION_MODE = wholemodule;
				SWIFT_OPTIMIZATION_LEVEL = "-O";
				VALIDATE_PRODUCT = YES;
			};
			name = Release;
		};
		246E57C3218B713300C7C700 /* Debug */ = {
			isa = XCBuildConfiguration;
			baseConfigurationReference = AC77C82DFA6D96FC59C60B0F /* Pods-iFlex.debug.xcconfig */;
			buildSettings = {
				ASSETCATALOG_COMPILER_APPICON_NAME = AppIcon;
				CODE_SIGN_STYLE = Automatic;
				INFOPLIST_FILE = iFlex/Info.plist;
				LD_RUNPATH_SEARCH_PATHS = (
					"$(inherited)",
					"@executable_path/Frameworks",
				);
				PRODUCT_BUNDLE_IDENTIFIER = "wustl-TEAM.iFlex";
				PRODUCT_NAME = "$(TARGET_NAME)";
				SWIFT_VERSION = 4.0;
				TARGETED_DEVICE_FAMILY = "1,2";
			};
			name = Debug;
		};
		246E57C4218B713300C7C700 /* Release */ = {
			isa = XCBuildConfiguration;
			baseConfigurationReference = 2090C09EE0B6F455E54DEF46 /* Pods-iFlex.release.xcconfig */;
			buildSettings = {
				ASSETCATALOG_COMPILER_APPICON_NAME = AppIcon;
				CODE_SIGN_STYLE = Automatic;
				INFOPLIST_FILE = iFlex/Info.plist;
				LD_RUNPATH_SEARCH_PATHS = (
					"$(inherited)",
					"@executable_path/Frameworks",
				);
				PRODUCT_BUNDLE_IDENTIFIER = "wustl-TEAM.iFlex";
				PRODUCT_NAME = "$(TARGET_NAME)";
				SWIFT_VERSION = 4.0;
				TARGETED_DEVICE_FAMILY = "1,2";
			};
			name = Release;
		};
		246E57C6218B713300C7C700 /* Debug */ = {
			isa = XCBuildConfiguration;
			baseConfigurationReference = ADD767416970FC509AE2DFE4 /* Pods-iFlexTests.debug.xcconfig */;
			buildSettings = {
				ALWAYS_EMBED_SWIFT_STANDARD_LIBRARIES = YES;
				BUNDLE_LOADER = "$(TEST_HOST)";
				CODE_SIGN_STYLE = Automatic;
				INFOPLIST_FILE = iFlexTests/Info.plist;
				LD_RUNPATH_SEARCH_PATHS = (
					"$(inherited)",
					"@executable_path/Frameworks",
					"@loader_path/Frameworks",
				);
				PRODUCT_BUNDLE_IDENTIFIER = "wustl-TEAM.iFlexTests";
				PRODUCT_NAME = "$(TARGET_NAME)";
				SWIFT_VERSION = 4.0;
				TARGETED_DEVICE_FAMILY = "1,2";
				TEST_HOST = "$(BUILT_PRODUCTS_DIR)/iFlex.app/iFlex";
			};
			name = Debug;
		};
		246E57C7218B713300C7C700 /* Release */ = {
			isa = XCBuildConfiguration;
			baseConfigurationReference = C13D50ADE4E9BD8EA66D1901 /* Pods-iFlexTests.release.xcconfig */;
			buildSettings = {
				ALWAYS_EMBED_SWIFT_STANDARD_LIBRARIES = YES;
				BUNDLE_LOADER = "$(TEST_HOST)";
				CODE_SIGN_STYLE = Automatic;
				INFOPLIST_FILE = iFlexTests/Info.plist;
				LD_RUNPATH_SEARCH_PATHS = (
					"$(inherited)",
					"@executable_path/Frameworks",
					"@loader_path/Frameworks",
				);
				PRODUCT_BUNDLE_IDENTIFIER = "wustl-TEAM.iFlexTests";
				PRODUCT_NAME = "$(TARGET_NAME)";
				SWIFT_VERSION = 4.0;
				TARGETED_DEVICE_FAMILY = "1,2";
				TEST_HOST = "$(BUILT_PRODUCTS_DIR)/iFlex.app/iFlex";
			};
			name = Release;
		};
		246E57C9218B713300C7C700 /* Debug */ = {
			isa = XCBuildConfiguration;
			baseConfigurationReference = 21C79343079346B80F7E6FE8 /* Pods-iFlexUITests.debug.xcconfig */;
			buildSettings = {
				ALWAYS_EMBED_SWIFT_STANDARD_LIBRARIES = YES;
				CODE_SIGN_STYLE = Automatic;
				INFOPLIST_FILE = iFlexUITests/Info.plist;
				LD_RUNPATH_SEARCH_PATHS = (
					"$(inherited)",
					"@executable_path/Frameworks",
					"@loader_path/Frameworks",
				);
				PRODUCT_BUNDLE_IDENTIFIER = "wustl-TEAM.iFlexUITests";
				PRODUCT_NAME = "$(TARGET_NAME)";
				SWIFT_VERSION = 4.0;
				TARGETED_DEVICE_FAMILY = "1,2";
				TEST_TARGET_NAME = iFlex;
			};
			name = Debug;
		};
		246E57CA218B713300C7C700 /* Release */ = {
			isa = XCBuildConfiguration;
			baseConfigurationReference = 7E1DDAD495E68E7202E280A2 /* Pods-iFlexUITests.release.xcconfig */;
			buildSettings = {
				ALWAYS_EMBED_SWIFT_STANDARD_LIBRARIES = YES;
				CODE_SIGN_STYLE = Automatic;
				INFOPLIST_FILE = iFlexUITests/Info.plist;
				LD_RUNPATH_SEARCH_PATHS = (
					"$(inherited)",
					"@executable_path/Frameworks",
					"@loader_path/Frameworks",
				);
				PRODUCT_BUNDLE_IDENTIFIER = "wustl-TEAM.iFlexUITests";
				PRODUCT_NAME = "$(TARGET_NAME)";
				SWIFT_VERSION = 4.0;
				TARGETED_DEVICE_FAMILY = "1,2";
				TEST_TARGET_NAME = iFlex;
			};
			name = Release;
		};
/* End XCBuildConfiguration section */

/* Begin XCConfigurationList section */
		246E5795218B713200C7C700 /* Build configuration list for PBXProject "iFlex" */ = {
			isa = XCConfigurationList;
			buildConfigurations = (
				246E57C0218B713300C7C700 /* Debug */,
				246E57C1218B713300C7C700 /* Release */,
			);
			defaultConfigurationIsVisible = 0;
			defaultConfigurationName = Release;
		};
		246E57C2218B713300C7C700 /* Build configuration list for PBXNativeTarget "iFlex" */ = {
			isa = XCConfigurationList;
			buildConfigurations = (
				246E57C3218B713300C7C700 /* Debug */,
				246E57C4218B713300C7C700 /* Release */,
			);
			defaultConfigurationIsVisible = 0;
			defaultConfigurationName = Release;
		};
		246E57C5218B713300C7C700 /* Build configuration list for PBXNativeTarget "iFlexTests" */ = {
			isa = XCConfigurationList;
			buildConfigurations = (
				246E57C6218B713300C7C700 /* Debug */,
				246E57C7218B713300C7C700 /* Release */,
			);
			defaultConfigurationIsVisible = 0;
			defaultConfigurationName = Release;
		};
		246E57C8218B713300C7C700 /* Build configuration list for PBXNativeTarget "iFlexUITests" */ = {
			isa = XCConfigurationList;
			buildConfigurations = (
				246E57C9218B713300C7C700 /* Debug */,
				246E57CA218B713300C7C700 /* Release */,
			);
			defaultConfigurationIsVisible = 0;
			defaultConfigurationName = Release;
		};
/* End XCConfigurationList section */
	};
	rootObject = 246E5792218B713200C7C700 /* Project object */;
}
