// !$*UTF8*$!
{
	archiveVersion = 1;
	classes = {
	};
	objectVersion = 50;
	objects = {

/* Begin PBXBuildFile section */
		246E579E218B713200C7C700 /* AppDelegate.swift in Sources */ = {isa = PBXBuildFile; fileRef = 246E579D218B713200C7C700 /* AppDelegate.swift */; };
		246E57A0218B713200C7C700 /* ViewController.swift in Sources */ = {isa = PBXBuildFile; fileRef = 246E579F218B713200C7C700 /* ViewController.swift */; };
		246E57A3218B713200C7C700 /* Main.storyboard in Resources */ = {isa = PBXBuildFile; fileRef = 246E57A1218B713200C7C700 /* Main.storyboard */; };
		246E57A5218B713300C7C700 /* Assets.xcassets in Resources */ = {isa = PBXBuildFile; fileRef = 246E57A4218B713300C7C700 /* Assets.xcassets */; };
		246E57A8218B713300C7C700 /* LaunchScreen.storyboard in Resources */ = {isa = PBXBuildFile; fileRef = 246E57A6218B713300C7C700 /* LaunchScreen.storyboard */; };
		246E57B3218B713300C7C700 /* iFlexTests.swift in Sources */ = {isa = PBXBuildFile; fileRef = 246E57B2218B713300C7C700 /* iFlexTests.swift */; };
		246E57BE218B713300C7C700 /* iFlexUITests.swift in Sources */ = {isa = PBXBuildFile; fileRef = 246E57BD218B713300C7C700 /* iFlexUITests.swift */; };
		246E57CC218B73C300C7C700 /* Exercise.swift in Sources */ = {isa = PBXBuildFile; fileRef = 246E57CB218B73C300C7C700 /* Exercise.swift */; };
		246E57CE218B744300C7C700 /* Workout.swift in Sources */ = {isa = PBXBuildFile; fileRef = 246E57CD218B744300C7C700 /* Workout.swift */; };
		246E57D0218BCC5700C7C700 /* WorkoutDetailViewController.swift in Sources */ = {isa = PBXBuildFile; fileRef = 246E57CF218BCC5700C7C700 /* WorkoutDetailViewController.swift */; };
		246E57D2218BCC6700C7C700 /* ExerciseDetailViewController.swift in Sources */ = {isa = PBXBuildFile; fileRef = 246E57D1218BCC6700C7C700 /* ExerciseDetailViewController.swift */; };
		246E57D4218BCE1A00C7C700 /* CreateNewWorkoutViewController.swift in Sources */ = {isa = PBXBuildFile; fileRef = 246E57D3218BCE1A00C7C700 /* CreateNewWorkoutViewController.swift */; };
		246E57D6218BCE2D00C7C700 /* ExerciseListViewController.swift in Sources */ = {isa = PBXBuildFile; fileRef = 246E57D5218BCE2D00C7C700 /* ExerciseListViewController.swift */; };
/* End PBXBuildFile section */

/* Begin PBXContainerItemProxy section */
		246E57AF218B713300C7C700 /* PBXContainerItemProxy */ = {
			isa = PBXContainerItemProxy;
			containerPortal = 246E5792218B713200C7C700 /* Project object */;
			proxyType = 1;
			remoteGlobalIDString = 246E5799218B713200C7C700;
			remoteInfo = iFlex;
		};
		246E57BA218B713300C7C700 /* PBXContainerItemProxy */ = {
			isa = PBXContainerItemProxy;
			containerPortal = 246E5792218B713200C7C700 /* Project object */;
			proxyType = 1;
			remoteGlobalIDString = 246E5799218B713200C7C700;
			remoteInfo = iFlex;
		};
/* End PBXContainerItemProxy section */

/* Begin PBXFileReference section */
		246E579A218B713200C7C700 /* iFlex.app */ = {isa = PBXFileReference; explicitFileType = wrapper.application; includeInIndex = 0; path = iFlex.app; sourceTree = BUILT_PRODUCTS_DIR; };
		246E579D218B713200C7C700 /* AppDelegate.swift */ = {isa = PBXFileReference; lastKnownFileType = sourcecode.swift; path = AppDelegate.swift; sourceTree = "<group>"; };
		246E579F218B713200C7C700 /* ViewController.swift */ = {isa = PBXFileReference; lastKnownFileType = sourcecode.swift; path = ViewController.swift; sourceTree = "<group>"; };
		246E57A2218B713200C7C700 /* Base */ = {isa = PBXFileReference; lastKnownFileType = file.storyboard; name = Base; path = Base.lproj/Main.storyboard; sourceTree = "<group>"; };
		246E57A4218B713300C7C700 /* Assets.xcassets */ = {isa = PBXFileReference; lastKnownFileType = folder.assetcatalog; path = Assets.xcassets; sourceTree = "<group>"; };
		246E57A7218B713300C7C700 /* Base */ = {isa = PBXFileReference; lastKnownFileType = file.storyboard; name = Base; path = Base.lproj/LaunchScreen.storyboard; sourceTree = "<group>"; };
		246E57A9218B713300C7C700 /* Info.plist */ = {isa = PBXFileReference; lastKnownFileType = text.plist.xml; path = Info.plist; sourceTree = "<group>"; };
		246E57AE218B713300C7C700 /* iFlexTests.xctest */ = {isa = PBXFileReference; explicitFileType = wrapper.cfbundle; includeInIndex = 0; path = iFlexTests.xctest; sourceTree = BUILT_PRODUCTS_DIR; };
		246E57B2218B713300C7C700 /* iFlexTests.swift */ = {isa = PBXFileReference; lastKnownFileType = sourcecode.swift; path = iFlexTests.swift; sourceTree = "<group>"; };
		246E57B4218B713300C7C700 /* Info.plist */ = {isa = PBXFileReference; lastKnownFileType = text.plist.xml; path = Info.plist; sourceTree = "<group>"; };
		246E57B9218B713300C7C700 /* iFlexUITests.xctest */ = {isa = PBXFileReference; explicitFileType = wrapper.cfbundle; includeInIndex = 0; path = iFlexUITests.xctest; sourceTree = BUILT_PRODUCTS_DIR; };
		246E57BD218B713300C7C700 /* iFlexUITests.swift */ = {isa = PBXFileReference; lastKnownFileType = sourcecode.swift; path = iFlexUITests.swift; sourceTree = "<group>"; };
		246E57BF218B713300C7C700 /* Info.plist */ = {isa = PBXFileReference; lastKnownFileType = text.plist.xml; path = Info.plist; sourceTree = "<group>"; };
		246E57CB218B73C300C7C700 /* Exercise.swift */ = {isa = PBXFileReference; lastKnownFileType = sourcecode.swift; path = Exercise.swift; sourceTree = "<group>"; };
		246E57CD218B744300C7C700 /* Workout.swift */ = {isa = PBXFileReference; lastKnownFileType = sourcecode.swift; path = Workout.swift; sourceTree = "<group>"; };
		246E57CF218BCC5700C7C700 /* WorkoutDetailViewController.swift */ = {isa = PBXFileReference; lastKnownFileType = sourcecode.swift; path = WorkoutDetailViewController.swift; sourceTree = "<group>"; };
		246E57D1218BCC6700C7C700 /* ExerciseDetailViewController.swift */ = {isa = PBXFileReference; lastKnownFileType = sourcecode.swift; path = ExerciseDetailViewController.swift; sourceTree = "<group>"; };
		246E57D3218BCE1A00C7C700 /* CreateNewWorkoutViewController.swift */ = {isa = PBXFileReference; lastKnownFileType = sourcecode.swift; path = CreateNewWorkoutViewController.swift; sourceTree = "<group>"; };
		246E57D5218BCE2D00C7C700 /* ExerciseListViewController.swift */ = {isa = PBXFileReference; lastKnownFileType = sourcecode.swift; path = ExerciseListViewController.swift; sourceTree = "<group>"; };
/* End PBXFileReference section */

/* Begin PBXFrameworksBuildPhase section */
		246E5797218B713200C7C700 /* Frameworks */ = {
			isa = PBXFrameworksBuildPhase;
			buildActionMask = 2147483647;
			files = (
			);
			runOnlyForDeploymentPostprocessing = 0;
		};
		246E57AB218B713300C7C700 /* Frameworks */ = {
			isa = PBXFrameworksBuildPhase;
			buildActionMask = 2147483647;
			files = (
			);
			runOnlyForDeploymentPostprocessing = 0;
		};
		246E57B6218B713300C7C700 /* Frameworks */ = {
			isa = PBXFrameworksBuildPhase;
			buildActionMask = 2147483647;
			files = (
			);
			runOnlyForDeploymentPostprocessing = 0;
		};
/* End PBXFrameworksBuildPhase section */

/* Begin PBXGroup section */
		246E5791218B713200C7C700 = {
			isa = PBXGroup;
			children = (
				246E579C218B713200C7C700 /* iFlex */,
				246E57B1218B713300C7C700 /* iFlexTests */,
				246E57BC218B713300C7C700 /* iFlexUITests */,
				246E579B218B713200C7C700 /* Products */,
			);
			sourceTree = "<group>";
		};
		246E579B218B713200C7C700 /* Products */ = {
			isa = PBXGroup;
			children = (
				246E579A218B713200C7C700 /* iFlex.app */,
				246E57AE218B713300C7C700 /* iFlexTests.xctest */,
				246E57B9218B713300C7C700 /* iFlexUITests.xctest */,
			);
			name = Products;
			sourceTree = "<group>";
		};
		246E579C218B713200C7C700 /* iFlex */ = {
			isa = PBXGroup;
			children = (
				246E579D218B713200C7C700 /* AppDelegate.swift */,
				246E579F218B713200C7C700 /* ViewController.swift */,
				246E57CB218B73C300C7C700 /* Exercise.swift */,
				246E57CD218B744300C7C700 /* Workout.swift */,
				246E57D3218BCE1A00C7C700 /* CreateNewWorkoutViewController.swift */,
				246E57D5218BCE2D00C7C700 /* ExerciseListViewController.swift */,
				246E57CF218BCC5700C7C700 /* WorkoutDetailViewController.swift */,
				246E57D1218BCC6700C7C700 /* ExerciseDetailViewController.swift */,
				246E57A1218B713200C7C700 /* Main.storyboard */,
				246E57A4218B713300C7C700 /* Assets.xcassets */,
				246E57A6218B713300C7C700 /* LaunchScreen.storyboard */,
				246E57A9218B713300C7C700 /* Info.plist */,
			);
			path = iFlex;
			sourceTree = "<group>";
		};
		246E57B1218B713300C7C700 /* iFlexTests */ = {
			isa = PBXGroup;
			children = (
				246E57B2218B713300C7C700 /* iFlexTests.swift */,
				246E57B4218B713300C7C700 /* Info.plist */,
			);
			path = iFlexTests;
			sourceTree = "<group>";
		};
		246E57BC218B713300C7C700 /* iFlexUITests */ = {
			isa = PBXGroup;
			children = (
				246E57BD218B713300C7C700 /* iFlexUITests.swift */,
				246E57BF218B713300C7C700 /* Info.plist */,
			);
			path = iFlexUITests;
			sourceTree = "<group>";
		};
/* End PBXGroup section */

/* Begin PBXNativeTarget section */
		246E5799218B713200C7C700 /* iFlex */ = {
			isa = PBXNativeTarget;
			buildConfigurationList = 246E57C2218B713300C7C700 /* Build configuration list for PBXNativeTarget "iFlex" */;
			buildPhases = (
				246E5796218B713200C7C700 /* Sources */,
				246E5797218B713200C7C700 /* Frameworks */,
				246E5798218B713200C7C700 /* Resources */,
			);
			buildRules = (
			);
			dependencies = (
			);
			name = iFlex;
			productName = iFlex;
			productReference = 246E579A218B713200C7C700 /* iFlex.app */;
			productType = "com.apple.product-type.application";
		};
		246E57AD218B713300C7C700 /* iFlexTests */ = {
			isa = PBXNativeTarget;
			buildConfigurationList = 246E57C5218B713300C7C700 /* Build configuration list for PBXNativeTarget "iFlexTests" */;
			buildPhases = (
				246E57AA218B713300C7C700 /* Sources */,
				246E57AB218B713300C7C700 /* Frameworks */,
				246E57AC218B713300C7C700 /* Resources */,
			);
			buildRules = (
			);
			dependencies = (
				246E57B0218B713300C7C700 /* PBXTargetDependency */,
			);
			name = iFlexTests;
			productName = iFlexTests;
			productReference = 246E57AE218B713300C7C700 /* iFlexTests.xctest */;
			productType = "com.apple.product-type.bundle.unit-test";
		};
		246E57B8218B713300C7C700 /* iFlexUITests */ = {
			isa = PBXNativeTarget;
			buildConfigurationList = 246E57C8218B713300C7C700 /* Build configuration list for PBXNativeTarget "iFlexUITests" */;
			buildPhases = (
				246E57B5218B713300C7C700 /* Sources */,
				246E57B6218B713300C7C700 /* Frameworks */,
				246E57B7218B713300C7C700 /* Resources */,
			);
			buildRules = (
			);
			dependencies = (
				246E57BB218B713300C7C700 /* PBXTargetDependency */,
			);
			name = iFlexUITests;
			productName = iFlexUITests;
			productReference = 246E57B9218B713300C7C700 /* iFlexUITests.xctest */;
			productType = "com.apple.product-type.bundle.ui-testing";
		};
/* End PBXNativeTarget section */

/* Begin PBXProject section */
		246E5792218B713200C7C700 /* Project object */ = {
			isa = PBXProject;
			attributes = {
				LastSwiftUpdateCheck = 0940;
				LastUpgradeCheck = 0940;
				ORGANIZATIONNAME = "Kendra Swanson, Christina Stellwagen, Carla Beghin, Benjamin Gu";
				TargetAttributes = {
					246E5799218B713200C7C700 = {
						CreatedOnToolsVersion = 9.4;
					};
					246E57AD218B713300C7C700 = {
						CreatedOnToolsVersion = 9.4;
						TestTargetID = 246E5799218B713200C7C700;
					};
					246E57B8218B713300C7C700 = {
						CreatedOnToolsVersion = 9.4;
						TestTargetID = 246E5799218B713200C7C700;
					};
				};
			};
			buildConfigurationList = 246E5795218B713200C7C700 /* Build configuration list for PBXProject "iFlex" */;
			compatibilityVersion = "Xcode 9.3";
			developmentRegion = en;
			hasScannedForEncodings = 0;
			knownRegions = (
				en,
				Base,
			);
			mainGroup = 246E5791218B713200C7C700;
			productRefGroup = 246E579B218B713200C7C700 /* Products */;
			projectDirPath = "";
			projectRoot = "";
			targets = (
				246E5799218B713200C7C700 /* iFlex */,
				246E57AD218B713300C7C700 /* iFlexTests */,
				246E57B8218B713300C7C700 /* iFlexUITests */,
			);
		};
/* End PBXProject section */

/* Begin PBXResourcesBuildPhase section */
		246E5798218B713200C7C700 /* Resources */ = {
			isa = PBXResourcesBuildPhase;
			buildActionMask = 2147483647;
			files = (
				246E57A8218B713300C7C700 /* LaunchScreen.storyboard in Resources */,
				246E57A5218B713300C7C700 /* Assets.xcassets in Resources */,
				246E57A3218B713200C7C700 /* Main.storyboard in Resources */,
			);
			runOnlyForDeploymentPostprocessing = 0;
		};
		246E57AC218B713300C7C700 /* Resources */ = {
			isa = PBXResourcesBuildPhase;
			buildActionMask = 2147483647;
			files = (
			);
			runOnlyForDeploymentPostprocessing = 0;
		};
		246E57B7218B713300C7C700 /* Resources */ = {
			isa = PBXResourcesBuildPhase;
			buildActionMask = 2147483647;
			files = (
			);
			runOnlyForDeploymentPostprocessing = 0;
		};
/* End PBXResourcesBuildPhase section */

/* Begin PBXSourcesBuildPhase section */
		246E5796218B713200C7C700 /* Sources */ = {
			isa = PBXSourcesBuildPhase;
			buildActionMask = 2147483647;
			files = (
				246E57D0218BCC5700C7C700 /* WorkoutDetailViewController.swift in Sources */,
				246E57D4218BCE1A00C7C700 /* CreateNewWorkoutViewController.swift in Sources */,
				246E57A0218B713200C7C700 /* ViewController.swift in Sources */,
				246E579E218B713200C7C700 /* AppDelegate.swift in Sources */,
				246E57D6218BCE2D00C7C700 /* ExerciseListViewController.swift in Sources */,
				246E57CC218B73C300C7C700 /* Exercise.swift in Sources */,
				246E57CE218B744300C7C700 /* Workout.swift in Sources */,
				246E57D2218BCC6700C7C700 /* ExerciseDetailViewController.swift in Sources */,
			);
			runOnlyForDeploymentPostprocessing = 0;
		};
		246E57AA218B713300C7C700 /* Sources */ = {
			isa = PBXSourcesBuildPhase;
			buildActionMask = 2147483647;
			files = (
				246E57B3218B713300C7C700 /* iFlexTests.swift in Sources */,
			);
			runOnlyForDeploymentPostprocessing = 0;
		};
		246E57B5218B713300C7C700 /* Sources */ = {
			isa = PBXSourcesBuildPhase;
			buildActionMask = 2147483647;
			files = (
				246E57BE218B713300C7C700 /* iFlexUITests.swift in Sources */,
			);
			runOnlyForDeploymentPostprocessing = 0;
		};
/* End PBXSourcesBuildPhase section */

/* Begin PBXTargetDependency section */
		246E57B0218B713300C7C700 /* PBXTargetDependency */ = {
			isa = PBXTargetDependency;
			target = 246E5799218B713200C7C700 /* iFlex */;
			targetProxy = 246E57AF218B713300C7C700 /* PBXContainerItemProxy */;
		};
		246E57BB218B713300C7C700 /* PBXTargetDependency */ = {
			isa = PBXTargetDependency;
			target = 246E5799218B713200C7C700 /* iFlex */;
			targetProxy = 246E57BA218B713300C7C700 /* PBXContainerItemProxy */;
		};
/* End PBXTargetDependency section */

/* Begin PBXVariantGroup section */
		246E57A1218B713200C7C700 /* Main.storyboard */ = {
			isa = PBXVariantGroup;
			children = (
				246E57A2218B713200C7C700 /* Base */,
			);
			name = Main.storyboard;
			sourceTree = "<group>";
		};
		246E57A6218B713300C7C700 /* LaunchScreen.storyboard */ = {
			isa = PBXVariantGroup;
			children = (
				246E57A7218B713300C7C700 /* Base */,
			);
			name = LaunchScreen.storyboard;
			sourceTree = "<group>";
		};
/* End PBXVariantGroup section */

/* Begin XCBuildConfiguration section */
		246E57C0218B713300C7C700 /* Debug */ = {
			isa = XCBuildConfiguration;
			buildSettings = {
				ALWAYS_SEARCH_USER_PATHS = NO;
				CLANG_ANALYZER_NONNULL = YES;
				CLANG_ANALYZER_NUMBER_OBJECT_CONVERSION = YES_AGGRESSIVE;
				CLANG_CXX_LANGUAGE_STANDARD = "gnu++14";
				CLANG_CXX_LIBRARY = "libc++";
				CLANG_ENABLE_MODULES = YES;
				CLANG_ENABLE_OBJC_ARC = YES;
				CLANG_ENABLE_OBJC_WEAK = YES;
				CLANG_WARN_BLOCK_CAPTURE_AUTORELEASING = YES;
				CLANG_WARN_BOOL_CONVERSION = YES;
				CLANG_WARN_COMMA = YES;
				CLANG_WARN_CONSTANT_CONVERSION = YES;
				CLANG_WARN_DEPRECATED_OBJC_IMPLEMENTATIONS = YES;
				CLANG_WARN_DIRECT_OBJC_ISA_USAGE = YES_ERROR;
				CLANG_WARN_DOCUMENTATION_COMMENTS = YES;
				CLANG_WARN_EMPTY_BODY = YES;
				CLANG_WARN_ENUM_CONVERSION = YES;
				CLANG_WARN_INFINITE_RECURSION = YES;
				CLANG_WARN_INT_CONVERSION = YES;
				CLANG_WARN_NON_LITERAL_NULL_CONVERSION = YES;
				CLANG_WARN_OBJC_IMPLICIT_RETAIN_SELF = YES;
				CLANG_WARN_OBJC_LITERAL_CONVERSION = YES;
				CLANG_WARN_OBJC_ROOT_CLASS = YES_ERROR;
				CLANG_WARN_RANGE_LOOP_ANALYSIS = YES;
				CLANG_WARN_STRICT_PROTOTYPES = YES;
				CLANG_WARN_SUSPICIOUS_MOVE = YES;
				CLANG_WARN_UNGUARDED_AVAILABILITY = YES_AGGRESSIVE;
				CLANG_WARN_UNREACHABLE_CODE = YES;
				CLANG_WARN__DUPLICATE_METHOD_MATCH = YES;
				CODE_SIGN_IDENTITY = "iPhone Developer";
				COPY_PHASE_STRIP = NO;
				DEBUG_INFORMATION_FORMAT = dwarf;
				ENABLE_STRICT_OBJC_MSGSEND = YES;
				ENABLE_TESTABILITY = YES;
				GCC_C_LANGUAGE_STANDARD = gnu11;
				GCC_DYNAMIC_NO_PIC = NO;
				GCC_NO_COMMON_BLOCKS = YES;
				GCC_OPTIMIZATION_LEVEL = 0;
				GCC_PREPROCESSOR_DEFINITIONS = (
					"DEBUG=1",
					"$(inherited)",
				);
				GCC_WARN_64_TO_32_BIT_CONVERSION = YES;
				GCC_WARN_ABOUT_RETURN_TYPE = YES_ERROR;
				GCC_WARN_UNDECLARED_SELECTOR = YES;
				GCC_WARN_UNINITIALIZED_AUTOS = YES_AGGRESSIVE;
				GCC_WARN_UNUSED_FUNCTION = YES;
				GCC_WARN_UNUSED_VARIABLE = YES;
				IPHONEOS_DEPLOYMENT_TARGET = 11.4;
				MTL_ENABLE_DEBUG_INFO = YES;
				ONLY_ACTIVE_ARCH = YES;
				SDKROOT = iphoneos;
				SWIFT_ACTIVE_COMPILATION_CONDITIONS = DEBUG;
				SWIFT_OPTIMIZATION_LEVEL = "-Onone";
			};
			name = Debug;
		};
		246E57C1218B713300C7C700 /* Release */ = {
			isa = XCBuildConfiguration;
			buildSettings = {
				ALWAYS_SEARCH_USER_PATHS = NO;
				CLANG_ANALYZER_NONNULL = YES;
				CLANG_ANALYZER_NUMBER_OBJECT_CONVERSION = YES_AGGRESSIVE;
				CLANG_CXX_LANGUAGE_STANDARD = "gnu++14";
				CLANG_CXX_LIBRARY = "libc++";
				CLANG_ENABLE_MODULES = YES;
				CLANG_ENABLE_OBJC_ARC = YES;
				CLANG_ENABLE_OBJC_WEAK = YES;
				CLANG_WARN_BLOCK_CAPTURE_AUTORELEASING = YES;
				CLANG_WARN_BOOL_CONVERSION = YES;
				CLANG_WARN_COMMA = YES;
				CLANG_WARN_CONSTANT_CONVERSION = YES;
				CLANG_WARN_DEPRECATED_OBJC_IMPLEMENTATIONS = YES;
				CLANG_WARN_DIRECT_OBJC_ISA_USAGE = YES_ERROR;
				CLANG_WARN_DOCUMENTATION_COMMENTS = YES;
				CLANG_WARN_EMPTY_BODY = YES;
				CLANG_WARN_ENUM_CONVERSION = YES;
				CLANG_WARN_INFINITE_RECURSION = YES;
				CLANG_WARN_INT_CONVERSION = YES;
				CLANG_WARN_NON_LITERAL_NULL_CONVERSION = YES;
				CLANG_WARN_OBJC_IMPLICIT_RETAIN_SELF = YES;
				CLANG_WARN_OBJC_LITERAL_CONVERSION = YES;
				CLANG_WARN_OBJC_ROOT_CLASS = YES_ERROR;
				CLANG_WARN_RANGE_LOOP_ANALYSIS = YES;
				CLANG_WARN_STRICT_PROTOTYPES = YES;
				CLANG_WARN_SUSPICIOUS_MOVE = YES;
				CLANG_WARN_UNGUARDED_AVAILABILITY = YES_AGGRESSIVE;
				CLANG_WARN_UNREACHABLE_CODE = YES;
				CLANG_WARN__DUPLICATE_METHOD_MATCH = YES;
				CODE_SIGN_IDENTITY = "iPhone Developer";
				COPY_PHASE_STRIP = NO;
				DEBUG_INFORMATION_FORMAT = "dwarf-with-dsym";
				ENABLE_NS_ASSERTIONS = NO;
				ENABLE_STRICT_OBJC_MSGSEND = YES;
				GCC_C_LANGUAGE_STANDARD = gnu11;
				GCC_NO_COMMON_BLOCKS = YES;
				GCC_WARN_64_TO_32_BIT_CONVERSION = YES;
				GCC_WARN_ABOUT_RETURN_TYPE = YES_ERROR;
				GCC_WARN_UNDECLARED_SELECTOR = YES;
				GCC_WARN_UNINITIALIZED_AUTOS = YES_AGGRESSIVE;
				GCC_WARN_UNUSED_FUNCTION = YES;
				GCC_WARN_UNUSED_VARIABLE = YES;
				IPHONEOS_DEPLOYMENT_TARGET = 11.4;
				MTL_ENABLE_DEBUG_INFO = NO;
				SDKROOT = iphoneos;
				SWIFT_COMPILATION_MODE = wholemodule;
				SWIFT_OPTIMIZATION_LEVEL = "-O";
				VALIDATE_PRODUCT = YES;
			};
			name = Release;
		};
		246E57C3218B713300C7C700 /* Debug */ = {
			isa = XCBuildConfiguration;
			buildSettings = {
				ASSETCATALOG_COMPILER_APPICON_NAME = AppIcon;
				CODE_SIGN_STYLE = Automatic;
				INFOPLIST_FILE = iFlex/Info.plist;
				LD_RUNPATH_SEARCH_PATHS = (
					"$(inherited)",
					"@executable_path/Frameworks",
				);
				PRODUCT_BUNDLE_IDENTIFIER = "wustl-TEAM.iFlex";
				PRODUCT_NAME = "$(TARGET_NAME)";
				SWIFT_VERSION = 4.0;
				TARGETED_DEVICE_FAMILY = "1,2";
			};
			name = Debug;
		};
		246E57C4218B713300C7C700 /* Release */ = {
			isa = XCBuildConfiguration;
			buildSettings = {
				ASSETCATALOG_COMPILER_APPICON_NAME = AppIcon;
				CODE_SIGN_STYLE = Automatic;
				INFOPLIST_FILE = iFlex/Info.plist;
				LD_RUNPATH_SEARCH_PATHS = (
					"$(inherited)",
					"@executable_path/Frameworks",
				);
				PRODUCT_BUNDLE_IDENTIFIER = "wustl-TEAM.iFlex";
				PRODUCT_NAME = "$(TARGET_NAME)";
				SWIFT_VERSION = 4.0;
				TARGETED_DEVICE_FAMILY = "1,2";
			};
			name = Release;
		};
		246E57C6218B713300C7C700 /* Debug */ = {
			isa = XCBuildConfiguration;
			buildSettings = {
				ALWAYS_EMBED_SWIFT_STANDARD_LIBRARIES = YES;
				BUNDLE_LOADER = "$(TEST_HOST)";
				CODE_SIGN_STYLE = Automatic;
				INFOPLIST_FILE = iFlexTests/Info.plist;
				LD_RUNPATH_SEARCH_PATHS = (
					"$(inherited)",
					"@executable_path/Frameworks",
					"@loader_path/Frameworks",
				);
				PRODUCT_BUNDLE_IDENTIFIER = "wustl-TEAM.iFlexTests";
				PRODUCT_NAME = "$(TARGET_NAME)";
				SWIFT_VERSION = 4.0;
				TARGETED_DEVICE_FAMILY = "1,2";
				TEST_HOST = "$(BUILT_PRODUCTS_DIR)/iFlex.app/iFlex";
			};
			name = Debug;
		};
		246E57C7218B713300C7C700 /* Release */ = {
			isa = XCBuildConfiguration;
			buildSettings = {
				ALWAYS_EMBED_SWIFT_STANDARD_LIBRARIES = YES;
				BUNDLE_LOADER = "$(TEST_HOST)";
				CODE_SIGN_STYLE = Automatic;
				INFOPLIST_FILE = iFlexTests/Info.plist;
				LD_RUNPATH_SEARCH_PATHS = (
					"$(inherited)",
					"@executable_path/Frameworks",
					"@loader_path/Frameworks",
				);
				PRODUCT_BUNDLE_IDENTIFIER = "wustl-TEAM.iFlexTests";
				PRODUCT_NAME = "$(TARGET_NAME)";
				SWIFT_VERSION = 4.0;
				TARGETED_DEVICE_FAMILY = "1,2";
				TEST_HOST = "$(BUILT_PRODUCTS_DIR)/iFlex.app/iFlex";
			};
			name = Release;
		};
		246E57C9218B713300C7C700 /* Debug */ = {
			isa = XCBuildConfiguration;
			buildSettings = {
				ALWAYS_EMBED_SWIFT_STANDARD_LIBRARIES = YES;
				CODE_SIGN_STYLE = Automatic;
				INFOPLIST_FILE = iFlexUITests/Info.plist;
				LD_RUNPATH_SEARCH_PATHS = (
					"$(inherited)",
					"@executable_path/Frameworks",
					"@loader_path/Frameworks",
				);
				PRODUCT_BUNDLE_IDENTIFIER = "wustl-TEAM.iFlexUITests";
				PRODUCT_NAME = "$(TARGET_NAME)";
				SWIFT_VERSION = 4.0;
				TARGETED_DEVICE_FAMILY = "1,2";
				TEST_TARGET_NAME = iFlex;
			};
			name = Debug;
		};
		246E57CA218B713300C7C700 /* Release */ = {
			isa = XCBuildConfiguration;
			buildSettings = {
				ALWAYS_EMBED_SWIFT_STANDARD_LIBRARIES = YES;
				CODE_SIGN_STYLE = Automatic;
				INFOPLIST_FILE = iFlexUITests/Info.plist;
				LD_RUNPATH_SEARCH_PATHS = (
					"$(inherited)",
					"@executable_path/Frameworks",
					"@loader_path/Frameworks",
				);
				PRODUCT_BUNDLE_IDENTIFIER = "wustl-TEAM.iFlexUITests";
				PRODUCT_NAME = "$(TARGET_NAME)";
				SWIFT_VERSION = 4.0;
				TARGETED_DEVICE_FAMILY = "1,2";
				TEST_TARGET_NAME = iFlex;
			};
			name = Release;
		};
/* End XCBuildConfiguration section */

/* Begin XCConfigurationList section */
		246E5795218B713200C7C700 /* Build configuration list for PBXProject "iFlex" */ = {
			isa = XCConfigurationList;
			buildConfigurations = (
				246E57C0218B713300C7C700 /* Debug */,
				246E57C1218B713300C7C700 /* Release */,
			);
			defaultConfigurationIsVisible = 0;
			defaultConfigurationName = Release;
		};
		246E57C2218B713300C7C700 /* Build configuration list for PBXNativeTarget "iFlex" */ = {
			isa = XCConfigurationList;
			buildConfigurations = (
				246E57C3218B713300C7C700 /* Debug */,
				246E57C4218B713300C7C700 /* Release */,
			);
			defaultConfigurationIsVisible = 0;
			defaultConfigurationName = Release;
		};
		246E57C5218B713300C7C700 /* Build configuration list for PBXNativeTarget "iFlexTests" */ = {
			isa = XCConfigurationList;
			buildConfigurations = (
				246E57C6218B713300C7C700 /* Debug */,
				246E57C7218B713300C7C700 /* Release */,
			);
			defaultConfigurationIsVisible = 0;
			defaultConfigurationName = Release;
		};
		246E57C8218B713300C7C700 /* Build configuration list for PBXNativeTarget "iFlexUITests" */ = {
			isa = XCConfigurationList;
			buildConfigurations = (
				246E57C9218B713300C7C700 /* Debug */,
				246E57CA218B713300C7C700 /* Release */,
			);
			defaultConfigurationIsVisible = 0;
			defaultConfigurationName = Release;
		};
/* End XCConfigurationList section */
	};
	rootObject = 246E5792218B713200C7C700 /* Project object */;
}
